
Microsoft Visual Studio Solution File, Format Version 11.00
# Visual Studio 2010
Project("{8BC9CEB8-8B4A-11D0-8D11-00A0C91BC942}") = "reverseString", "reverseString\reverseString.vcxproj", "{3273CCE7-F4F4-457C-99EE-7A2787C7AE84}"
EndProject
Global
	GlobalSection(SolutionConfigurationPlatforms) = preSolution
		Debug|Win32 = Debug|Win32
		Release|Win32 = Release|Win32
	EndGlobalSection
	GlobalSection(ProjectConfigurationPlatforms) = postSolution
		{3273CCE7-F4F4-457C-99EE-7A2787C7AE84}.Debug|Win32.ActiveCfg = Debug|Win32
		{3273CCE7-F4F4-457C-99EE-7A2787C7AE84}.Debug|Win32.Build.0 = Debug|Win32
		{3273CCE7-F4F4-457C-99EE-7A2787C7AE84}.Release|Win32.ActiveCfg = Release|Win32
		{3273CCE7-F4F4-457C-99EE-7A2787C7AE84}.Release|Win32.Build.0 = Release|Win32
	EndGlobalSection
	GlobalSection(SolutionProperties) = preSolution
		HideSolutionNode = FALSE
	EndGlobalSection
EndGlobal
